
Microsoft Visual Studio Solution File, Format Version 12.00
# Visual Studio Version 16
VisualStudioVersion = 16.0.31624.102
MinimumVisualStudioVersion = 10.0.40219.1
Project("{FAE04EC0-301F-11D3-BF4B-00C04F79EFBC}") = "Square2D", "Square2D\Square2D.csproj", "{A87BB725-6949-48D5-965F-EACC96260107}"
EndProject
Global
	GlobalSection(SolutionConfigurationPlatforms) = preSolution
		Debug|Any CPU = Debug|Any CPU
		Release|Any CPU = Release|Any CPU
	EndGlobalSection
	GlobalSection(ProjectConfigurationPlatforms) = postSolution
		{A87BB725-6949-48D5-965F-EACC96260107}.Debug|Any CPU.ActiveCfg = Debug|Any CPU
		{A87BB725-6949-48D5-965F-EACC96260107}.Debug|Any CPU.Build.0 = Debug|Any CPU
		{A87BB725-6949-48D5-965F-EACC96260107}.Release|Any CPU.ActiveCfg = Release|Any CPU
		{A87BB725-6949-48D5-965F-EACC96260107}.Release|Any CPU.Build.0 = Release|Any CPU
	EndGlobalSection
	GlobalSection(SolutionProperties) = preSolution
		HideSolutionNode = FALSE
	EndGlobalSection
	GlobalSection(ExtensibilityGlobals) = postSolution
		SolutionGuid = {2F21048A-E530-496D-8646-7EB34577389D}
	EndGlobalSection
EndGlobal
